
Microsoft Visual Studio Solution File, Format Version 12.00
# Visual Studio 14
VisualStudioVersion = 14.0.25420.1
MinimumVisualStudioVersion = 10.0.40219.1
Project("{FAE04EC0-301F-11D3-BF4B-00C04F79EFBC}") = "Contur", "Contur\Contur.csproj", "{2B2CEDDE-4FD2-482B-8986-2DAC7571B10F}"
EndProject
Project("{FAE04EC0-301F-11D3-BF4B-00C04F79EFBC}") = "Sample", "Sample\Sample.csproj", "{3C73D392-1FFF-452B-804A-74E094ED7DD6}"
EndProject
Global
	GlobalSection(SolutionConfigurationPlatforms) = preSolution
		Debug|Any CPU = Debug|Any CPU
		Release|Any CPU = Release|Any CPU
	EndGlobalSection
	GlobalSection(ProjectConfigurationPlatforms) = postSolution
		{2B2CEDDE-4FD2-482B-8986-2DAC7571B10F}.Debug|Any CPU.ActiveCfg = Debug|Any CPU
		{2B2CEDDE-4FD2-482B-8986-2DAC7571B10F}.Debug|Any CPU.Build.0 = Debug|Any CPU
		{2B2CEDDE-4FD2-482B-8986-2DAC7571B10F}.Release|Any CPU.ActiveCfg = Release|Any CPU
		{2B2CEDDE-4FD2-482B-8986-2DAC7571B10F}.Release|Any CPU.Build.0 = Release|Any CPU
		{3C73D392-1FFF-452B-804A-74E094ED7DD6}.Debug|Any CPU.ActiveCfg = Debug|Any CPU
		{3C73D392-1FFF-452B-804A-74E094ED7DD6}.Debug|Any CPU.Build.0 = Debug|Any CPU
		{3C73D392-1FFF-452B-804A-74E094ED7DD6}.Release|Any CPU.ActiveCfg = Release|Any CPU
		{3C73D392-1FFF-452B-804A-74E094ED7DD6}.Release|Any CPU.Build.0 = Release|Any CPU
	EndGlobalSection
	GlobalSection(SolutionProperties) = preSolution
		HideSolutionNode = FALSE
	EndGlobalSection
EndGlobal
